<?xml version="1.0" encoding="utf-8"?>
<Project ToolsVersion="4.0" xmlns="http://schemas.microsoft.com/developer/msbuild/2003">
  <ItemGroup>
    <Filter Include="Resource Files">
      <UniqueIdentifier>{67DA6AB6-F800-4c08-8B7A-83BB121AAD01}</UniqueIdentifier>
      <Extensions>rc;ico;cur;bmp;dlg;rc2;rct;bin;rgs;gif;jpg;jpeg;jpe;resx;tiff;tif;png;wav;mfcribbon-ms</Extensions>
    </Filter>
    <Filter Include="win">
      <UniqueIdentifier>{5b923871-3100-421a-8cf2-30d1316d1a99}</UniqueIdentifier>
    </Filter>
    <Filter Include="win\xaudio">
      <UniqueIdentifier>{ef562d83-59d4-4977-b9e2-96a0d9225fa4}</UniqueIdentifier>
    </Filter>
  </ItemGroup>
  <ItemGroup>
    <ClInclude Include="stdafx.h" />
    <ClInclude Include="game.h" />
    <ClInclude Include="vm.h" />
    <ClInclude Include="unk.h" />
    <ClInclude Include="resource.h" />
    <ClInclude Include="tim.h" />
    <ClInclude Include="dib.h" />
    <ClInclude Include="spr_ent.h" />
    <ClInclude Include="tmap.h" />
    <ClInclude Include="bg.h" />
    <ClInclude Include="item.h" />
    <ClInclude Include="text.h" />
    <ClInclude Include="program.h" />
    <ClInclude Include="sound.h" />
    <ClInclude Include="tmc.h" />
    <ClInclude Include="font.h" />
    <ClInclude Include="palette.h" />
    <ClInclude Include="sprt_man.h" />
    <ClInclude Include="win\file_ex.h">
      <Filter>win</Filter>
    </ClInclude>
    <ClInclude Include="win\FileHandle.h">
      <Filter>win</Filter>
    </ClInclude>
    <ClInclude Include="win\xaudio\audio.h">
      <Filter>win\xaudio</Filter>
    </ClInclude>
    <ClInclude Include="win\xaudio\audio_bgm.h">
      <Filter>win\xaudio</Filter>
    </ClInclude>
    <ClInclude Include="win\xaudio\sndfmt.h">
      <Filter>win\xaudio</Filter>
    </ClInclude>
    <ClInclude Include="win\input_di8.h">
      <Filter>win</Filter>
    </ClInclude>
    <ClInclude Include="win\render_d3d9.h">
      <Filter>win</Filter>
    </ClInclude>
    <ClInclude Include="win\console.h">
      <Filter>win</Filter>
    </ClInclude>
    <ClInclude Include="api.h" />
    <ClInclude Include="win\timer.h">
      <Filter>win</Filter>
    </ClInclude>
    <ClInclude Include="win\Bitmap.h">
      <Filter>win</Filter>
    </ClInclude>
    <ClInclude Include="win\lodepng.h">
      <Filter>win</Filter>
    </ClInclude>
    <ClInclude Include="ai.h" />
  </ItemGroup>
  <ItemGroup>
    <ClCompile Include="util.cpp" />
    <ClCompile Include="vm.cpp" />
    <ClCompile Include="unk.cpp" />
    <ClCompile Include="api.cpp" />
    <ClCompile Include="tim.cpp" />
    <ClCompile Include="dib.cpp" />
    <ClCompile Include="spr_ent.cpp" />
    <ClCompile Include="tmap.cpp" />
    <ClCompile Include="draw.cpp" />
    <ClCompile Include="bg.cpp" />
    <ClCompile Include="item.cpp" />
    <ClCompile Include="text.cpp" />
    <ClCompile Include="sound.cpp" />
    <ClCompile Include="tmc.cpp" />
    <ClCompile Include="font.cpp" />
    <ClCompile Include="palette.cpp" />
    <ClCompile Include="sprt_man.cpp" />
    <ClCompile Include="win\file_ex.cpp">
      <Filter>win</Filter>
    </ClCompile>
    <ClCompile Include="win\FileHandle.cpp">
      <Filter>win</Filter>
    </ClCompile>
    <ClCompile Include="win\xaudio\audio.cpp">
      <Filter>win\xaudio</Filter>
    </ClCompile>
    <ClCompile Include="win\xaudio\audio_bgm.cpp">
      <Filter>win\xaudio</Filter>
    </ClCompile>
    <ClCompile Include="win\xaudio\sndfmt.cpp">
      <Filter>win\xaudio</Filter>
    </ClCompile>
    <ClCompile Include="win\midi_ogg.cpp">
      <Filter>win</Filter>
    </ClCompile>
    <ClCompile Include="win\input_di8.cpp">
      <Filter>win</Filter>
    </ClCompile>
    <ClCompile Include="win\render_d3d9.cpp">
      <Filter>win</Filter>
    </ClCompile>
    <ClCompile Include="win\main.cpp">
      <Filter>win</Filter>
    </ClCompile>
    <ClCompile Include="win\console.cpp">
      <Filter>win</Filter>
    </ClCompile>
    <ClCompile Include="win\timer.cpp">
      <Filter>win</Filter>
    </ClCompile>
    <ClCompile Include="win\Bitmap.cpp">
      <Filter>win</Filter>
    </ClCompile>
    <ClCompile Include="win\lodepng.cpp">
      <Filter>win</Filter>
    </ClCompile>
    <ClCompile Include="bg_spr.cpp" />
    <ClCompile Include="ai_player.cpp" />
    <ClCompile Include="ai_stalker.cpp" />
    <ClCompile Include="ai_util.cpp" />
  </ItemGroup>
  <ItemGroup>
    <ResourceCompile Include="clock tower.rc">
      <Filter>Resource Files</Filter>
    </ResourceCompile>
  </ItemGroup>
  <ItemGroup>
    <Image Include="icon1.ico">
      <Filter>Resource Files</Filter>
    </Image>
  </ItemGroup>
</Project>